PODS:
  - DequeModule (1.1.4):
    - InternalCollectionsUtilities (= 1.1.4)
  - InternalCollectionsUtilities (1.1.4)
  - LiveKitClient (2.12.1):
    - DequeModule (= 1.1.4)
    - LiveKitUniFFI (= 0.0.5)
    - LiveKitWebRTC (= 137.7151.12)
    - OrderedCollections (= 1.1.4)
    - SwiftProtobuf
  - LiveKitUniFFI (0.0.5)
  - LiveKitWebRTC (137.7151.12)
  - OrderedCollections (1.1.4):
    - InternalCollectionsUtilities (= 1.1.4)
  - PartnerSDKBinary (1.0.0):
    - LiveKitClient
  - SwiftProtobuf (1.36.1)

DEPENDENCIES:
  - PartnerSDKBinary (from `./app/libs/PartnerSDKBinary.podspec`)

SPEC REPOS:
  https://github.com/livekit/podspecs.git:
    - DequeModule
    - InternalCollectionsUtilities
    - LiveKitClient
    - LiveKitUniFFI
    - LiveKitWebRTC
    - OrderedCollections
  trunk:
    - SwiftProtobuf

EXTERNAL SOURCES:
  PartnerSDKBinary:
    :path: "./app/libs/PartnerSDKBinary.podspec"

SPEC CHECKSUMS:
  DequeModule: 646e2f186357734310ba696172d271f0988d3fb8
  InternalCollectionsUtilities: c32aa362a8455b73c93cc941ac98f50c4e25ed0c
  LiveKitClient: 96e11b67af328f49f2409f035b357a5ce3e84989
  LiveKitUniFFI: 09d13a3a068a1fd9de32ed199e4b83fba69663f9
  LiveKitWebRTC: fffb7717957a815a554313879174aad96b3979f1
  OrderedCollections: 68f29db2e771b704400ee1078ea34ef98a38e01f
  PartnerSDKBinary: f561c24bcf186b34d45a7ffaee3066ae0b0ce308
  SwiftProtobuf: 9e106a71456f4d3f6a3b0c8fd87ef0be085efc38

PODFILE CHECKSUM: a8298fa53be219a1caa493ab8bb380d3036d7828

COCOAPODS: 1.16.2
